
Microsoft Visual Studio Solution File, Format Version 12.00
# Visual Studio Version 17
VisualStudioVersion = 17.6.33717.318
MinimumVisualStudioVersion = 10.0.40219.1
Project("{9A19103F-16F7-4668-BE54-9A1E7A4F7556}") = "Aula010", "Aula010\Aula010.csproj", "{7D54004B-1015-4AD0-89C3-1B5E247A3F0C}"
EndProject
Project("{9A19103F-16F7-4668-BE54-9A1E7A4F7556}") = "Aula015", "Aula015\Aula015.csproj", "{2F367BBC-B6E0-4FF5-926D-FECA92719836}"
EndProject
Project("{9A19103F-16F7-4668-BE54-9A1E7A4F7556}") = "Aula018", "Aula018\Aula018.csproj", "{7221C846-C020-4246-A25A-E55F71833095}"
EndProject
Project("{9A19103F-16F7-4668-BE54-9A1E7A4F7556}") = "Aula023", "Aula023\Aula023.csproj", "{34FB59C8-642A-4169-9C93-268B401A4945}"
EndProject
Project("{9A19103F-16F7-4668-BE54-9A1E7A4F7556}") = "Aula030", "Aula030\Aula030.csproj", "{2ACE37D2-135E-4E9D-9056-0EA769CB2AE5}"
EndProject
Project("{9A19103F-16F7-4668-BE54-9A1E7A4F7556}") = "Aula032", "Aula032\Aula032.csproj", "{B08E4414-A7AF-4F07-BBB2-4249877138CB}"
EndProject
Project("{9A19103F-16F7-4668-BE54-9A1E7A4F7556}") = "Aula039", "Aula039\Aula039.csproj", "{62B6FBBA-6562-4673-9B3E-64B7A323E69F}"
EndProject
Project("{9A19103F-16F7-4668-BE54-9A1E7A4F7556}") = "Entities", "Entities\Entities.csproj", "{27C42189-2B65-45C5-BB10-03B3ADFAF597}"
EndProject
Project("{9A19103F-16F7-4668-BE54-9A1E7A4F7556}") = "Aula041", "Aula041\Aula041.csproj", "{60E1B1B6-818B-456E-83EB-8C2EA198FEF9}"
EndProject
Project("{9A19103F-16F7-4668-BE54-9A1E7A4F7556}") = "Aula042", "Aula042\Aula042.csproj", "{39725462-1F71-445A-A347-375AB6BF341D}"
EndProject
Project("{9A19103F-16F7-4668-BE54-9A1E7A4F7556}") = "Aula043", "Aula043\Aula043.csproj", "{8E430333-2E0D-485F-B81D-87632C6761A4}"
EndProject
Project("{9A19103F-16F7-4668-BE54-9A1E7A4F7556}") = "Aula060", "Aula060\Aula060.csproj", "{28234BF6-93B4-4ADC-8683-A387BF3B81F6}"
EndProject
Project("{9A19103F-16F7-4668-BE54-9A1E7A4F7556}") = "Aula068", "Aula068\Aula068.csproj", "{D167A80C-B0FE-42A2-AFED-BEF4B6A0D18D}"
EndProject
Project("{9A19103F-16F7-4668-BE54-9A1E7A4F7556}") = "Aula069", "Aula069\Aula069.csproj", "{83152569-2E6C-4D4D-8438-F5ABD81E8B58}"
EndProject
Project("{9A19103F-16F7-4668-BE54-9A1E7A4F7556}") = "Aula070", "Aula070\Aula070.csproj", "{E8E4E10F-BFD7-4966-9335-3AEA62505D28}"
EndProject
Project("{9A19103F-16F7-4668-BE54-9A1E7A4F7556}") = "Aula071", "Aula071\Aula071.csproj", "{8FCDA3A1-B2E1-485F-91E8-EFDD787EDF3D}"
EndProject
Project("{9A19103F-16F7-4668-BE54-9A1E7A4F7556}") = "Aula072", "Aula072\Aula072.csproj", "{950C2612-C442-40EC-AE4B-A3255DB50C99}"
EndProject
Project("{9A19103F-16F7-4668-BE54-9A1E7A4F7556}") = "Aula073", "Aula073\Aula073.csproj", "{1C656AEA-754C-4B2D-B165-9DD5183BBFF4}"
EndProject
Project("{9A19103F-16F7-4668-BE54-9A1E7A4F7556}") = "Aula076", "Aula076\Aula076.csproj", "{F4527B82-1AA6-4D7F-B559-73CBF4B3D9DF}"
EndProject
Project("{9A19103F-16F7-4668-BE54-9A1E7A4F7556}") = "Aula077", "Aula077\Aula077.csproj", "{F0956AE6-7938-40D5-B653-513DD00165BB}"
EndProject
Project("{9A19103F-16F7-4668-BE54-9A1E7A4F7556}") = "Aula078", "Aula078\Aula078.csproj", "{4E67468E-B34E-4B38-97AA-516043B6F201}"
EndProject
Project("{9A19103F-16F7-4668-BE54-9A1E7A4F7556}") = "Aula079", "Aula079\Aula079.csproj", "{DF2069AE-023E-46B3-BE57-8448A910D895}"
EndProject
Project("{9A19103F-16F7-4668-BE54-9A1E7A4F7556}") = "Aula080", "Aula080\Aula080.csproj", "{D6353311-1213-47AF-A675-CEDB95EB487C}"
EndProject
Project("{9A19103F-16F7-4668-BE54-9A1E7A4F7556}") = "Aula088", "Aula088\Aula088.csproj", "{0C7DFA3C-A222-4B5F-96F4-2888BC7CDB1B}"
EndProject
Project("{9A19103F-16F7-4668-BE54-9A1E7A4F7556}") = "Aula089", "Aula089\Aula089.csproj", "{446A608B-DBC9-48EE-86C2-529F32E613CD}"
EndProject
Project("{9A19103F-16F7-4668-BE54-9A1E7A4F7556}") = "Aula090", "Aula090\Aula090.csproj", "{C8FA5DB5-FF73-4A4F-82B7-E3EFCB036D96}"
EndProject
Project("{9A19103F-16F7-4668-BE54-9A1E7A4F7556}") = "Aula091", "Aula091\Aula091.csproj", "{E6B897F4-D5D6-4EE1-9DD7-0EC489EF812A}"
EndProject
Project("{9A19103F-16F7-4668-BE54-9A1E7A4F7556}") = "Aula124", "Aula124\Aula124.csproj", "{7EC9B996-905A-452B-B58D-5BF3FA2F3C0D}"
EndProject
Project("{9A19103F-16F7-4668-BE54-9A1E7A4F7556}") = "Aula129", "Aula129\Aula129.csproj", "{1E269B25-0A59-49B4-80A4-7601B069AAEE}"
EndProject
Project("{9A19103F-16F7-4668-BE54-9A1E7A4F7556}") = "Aula131", "Aula131\Aula131.csproj", "{078BBFE5-6DC1-48B2-9A0E-EBDCC88E0001}"
EndProject
Project("{9A19103F-16F7-4668-BE54-9A1E7A4F7556}") = "Aula132", "Aula132\Aula132.csproj", "{5A8CECB1-FC48-4AD3-8B70-ECAAC7BDE18F}"
EndProject
Project("{9A19103F-16F7-4668-BE54-9A1E7A4F7556}") = "Aula135", "Aula135\Aula135.csproj", "{A2ADE287-50C3-4BAC-873A-AD089EF051C3}"
EndProject
Project("{9A19103F-16F7-4668-BE54-9A1E7A4F7556}") = "Aula136", "Aula136\Aula136.csproj", "{C8DF40D4-9BEE-4870-853C-44A7C9A941D7}"
EndProject
Project("{9A19103F-16F7-4668-BE54-9A1E7A4F7556}") = "Aula137", "Aula137\Aula137.csproj", "{692B8FF6-8162-4DFC-8CCF-18167E4E037B}"
EndProject
Project("{9A19103F-16F7-4668-BE54-9A1E7A4F7556}") = "Aula140", "Aula140\Aula140.csproj", "{07644CF4-1C56-4949-80DA-631A3363F83E}"
EndProject
Project("{9A19103F-16F7-4668-BE54-9A1E7A4F7556}") = "Aula142", "Aula142\Aula142.csproj", "{F47BAA0D-7F4F-4042-BED2-2DEF731F65AF}"
EndProject
Project("{9A19103F-16F7-4668-BE54-9A1E7A4F7556}") = "Aula146", "Aula146\Aula146.csproj", "{7D426DE2-D26A-4003-BB4F-A15B05FAD253}"
EndProject
Project("{9A19103F-16F7-4668-BE54-9A1E7A4F7556}") = "Aula145", "Aula145\Aula145.csproj", "{E97242F8-51AD-43B8-BD63-061891DC8F5C}"
EndProject
Project("{9A19103F-16F7-4668-BE54-9A1E7A4F7556}") = "Aula152", "Aula152\Aula152.csproj", "{C456C899-4907-49C3-965D-49AA8FE90481}"
EndProject
Project("{FAE04EC0-301F-11D3-BF4B-00C04F79EFBC}") = "Aula154", "Aula154\Aula154.csproj", "{80913E20-C9CC-429B-81BB-B84D5771D2EA}"
EndProject
Project("{FAE04EC0-301F-11D3-BF4B-00C04F79EFBC}") = "Aula155", "Aula155\Aula155.csproj", "{06ADEAA6-0CAE-4E4D-AB9F-59455F1EC3B1}"
EndProject
Global
	GlobalSection(SolutionConfigurationPlatforms) = preSolution
		Debug|Any CPU = Debug|Any CPU
		Release|Any CPU = Release|Any CPU
	EndGlobalSection
	GlobalSection(ProjectConfigurationPlatforms) = postSolution
		{7D54004B-1015-4AD0-89C3-1B5E247A3F0C}.Debug|Any CPU.ActiveCfg = Debug|Any CPU
		{7D54004B-1015-4AD0-89C3-1B5E247A3F0C}.Debug|Any CPU.Build.0 = Debug|Any CPU
		{7D54004B-1015-4AD0-89C3-1B5E247A3F0C}.Release|Any CPU.ActiveCfg = Release|Any CPU
		{7D54004B-1015-4AD0-89C3-1B5E247A3F0C}.Release|Any CPU.Build.0 = Release|Any CPU
		{2F367BBC-B6E0-4FF5-926D-FECA92719836}.Debug|Any CPU.ActiveCfg = Debug|Any CPU
		{2F367BBC-B6E0-4FF5-926D-FECA92719836}.Debug|Any CPU.Build.0 = Debug|Any CPU
		{2F367BBC-B6E0-4FF5-926D-FECA92719836}.Release|Any CPU.ActiveCfg = Release|Any CPU
		{2F367BBC-B6E0-4FF5-926D-FECA92719836}.Release|Any CPU.Build.0 = Release|Any CPU
		{7221C846-C020-4246-A25A-E55F71833095}.Debug|Any CPU.ActiveCfg = Debug|Any CPU
		{7221C846-C020-4246-A25A-E55F71833095}.Debug|Any CPU.Build.0 = Debug|Any CPU
		{7221C846-C020-4246-A25A-E55F71833095}.Release|Any CPU.ActiveCfg = Release|Any CPU
		{7221C846-C020-4246-A25A-E55F71833095}.Release|Any CPU.Build.0 = Release|Any CPU
		{34FB59C8-642A-4169-9C93-268B401A4945}.Debug|Any CPU.ActiveCfg = Debug|Any CPU
		{34FB59C8-642A-4169-9C93-268B401A4945}.Debug|Any CPU.Build.0 = Debug|Any CPU
		{34FB59C8-642A-4169-9C93-268B401A4945}.Release|Any CPU.ActiveCfg = Release|Any CPU
		{34FB59C8-642A-4169-9C93-268B401A4945}.Release|Any CPU.Build.0 = Release|Any CPU
		{2ACE37D2-135E-4E9D-9056-0EA769CB2AE5}.Debug|Any CPU.ActiveCfg = Debug|Any CPU
		{2ACE37D2-135E-4E9D-9056-0EA769CB2AE5}.Debug|Any CPU.Build.0 = Debug|Any CPU
		{2ACE37D2-135E-4E9D-9056-0EA769CB2AE5}.Release|Any CPU.ActiveCfg = Release|Any CPU
		{2ACE37D2-135E-4E9D-9056-0EA769CB2AE5}.Release|Any CPU.Build.0 = Release|Any CPU
		{B08E4414-A7AF-4F07-BBB2-4249877138CB}.Debug|Any CPU.ActiveCfg = Debug|Any CPU
		{B08E4414-A7AF-4F07-BBB2-4249877138CB}.Debug|Any CPU.Build.0 = Debug|Any CPU
		{B08E4414-A7AF-4F07-BBB2-4249877138CB}.Release|Any CPU.ActiveCfg = Release|Any CPU
		{B08E4414-A7AF-4F07-BBB2-4249877138CB}.Release|Any CPU.Build.0 = Release|Any CPU
		{62B6FBBA-6562-4673-9B3E-64B7A323E69F}.Debug|Any CPU.ActiveCfg = Debug|Any CPU
		{62B6FBBA-6562-4673-9B3E-64B7A323E69F}.Debug|Any CPU.Build.0 = Debug|Any CPU
		{62B6FBBA-6562-4673-9B3E-64B7A323E69F}.Release|Any CPU.ActiveCfg = Release|Any CPU
		{62B6FBBA-6562-4673-9B3E-64B7A323E69F}.Release|Any CPU.Build.0 = Release|Any CPU
		{27C42189-2B65-45C5-BB10-03B3ADFAF597}.Debug|Any CPU.ActiveCfg = Debug|Any CPU
		{27C42189-2B65-45C5-BB10-03B3ADFAF597}.Debug|Any CPU.Build.0 = Debug|Any CPU
		{27C42189-2B65-45C5-BB10-03B3ADFAF597}.Release|Any CPU.ActiveCfg = Release|Any CPU
		{27C42189-2B65-45C5-BB10-03B3ADFAF597}.Release|Any CPU.Build.0 = Release|Any CPU
		{60E1B1B6-818B-456E-83EB-8C2EA198FEF9}.Debug|Any CPU.ActiveCfg = Debug|Any CPU
		{60E1B1B6-818B-456E-83EB-8C2EA198FEF9}.Debug|Any CPU.Build.0 = Debug|Any CPU
		{60E1B1B6-818B-456E-83EB-8C2EA198FEF9}.Release|Any CPU.ActiveCfg = Release|Any CPU
		{60E1B1B6-818B-456E-83EB-8C2EA198FEF9}.Release|Any CPU.Build.0 = Release|Any CPU
		{39725462-1F71-445A-A347-375AB6BF341D}.Debug|Any CPU.ActiveCfg = Debug|Any CPU
		{39725462-1F71-445A-A347-375AB6BF341D}.Debug|Any CPU.Build.0 = Debug|Any CPU
		{39725462-1F71-445A-A347-375AB6BF341D}.Release|Any CPU.ActiveCfg = Release|Any CPU
		{39725462-1F71-445A-A347-375AB6BF341D}.Release|Any CPU.Build.0 = Release|Any CPU
		{8E430333-2E0D-485F-B81D-87632C6761A4}.Debug|Any CPU.ActiveCfg = Debug|Any CPU
		{8E430333-2E0D-485F-B81D-87632C6761A4}.Debug|Any CPU.Build.0 = Debug|Any CPU
		{8E430333-2E0D-485F-B81D-87632C6761A4}.Release|Any CPU.ActiveCfg = Release|Any CPU
		{8E430333-2E0D-485F-B81D-87632C6761A4}.Release|Any CPU.Build.0 = Release|Any CPU
		{28234BF6-93B4-4ADC-8683-A387BF3B81F6}.Debug|Any CPU.ActiveCfg = Debug|Any CPU
		{28234BF6-93B4-4ADC-8683-A387BF3B81F6}.Debug|Any CPU.Build.0 = Debug|Any CPU
		{28234BF6-93B4-4ADC-8683-A387BF3B81F6}.Release|Any CPU.ActiveCfg = Release|Any CPU
		{28234BF6-93B4-4ADC-8683-A387BF3B81F6}.Release|Any CPU.Build.0 = Release|Any CPU
		{D167A80C-B0FE-42A2-AFED-BEF4B6A0D18D}.Debug|Any CPU.ActiveCfg = Debug|Any CPU
		{D167A80C-B0FE-42A2-AFED-BEF4B6A0D18D}.Debug|Any CPU.Build.0 = Debug|Any CPU
		{D167A80C-B0FE-42A2-AFED-BEF4B6A0D18D}.Release|Any CPU.ActiveCfg = Release|Any CPU
		{D167A80C-B0FE-42A2-AFED-BEF4B6A0D18D}.Release|Any CPU.Build.0 = Release|Any CPU
		{83152569-2E6C-4D4D-8438-F5ABD81E8B58}.Debug|Any CPU.ActiveCfg = Debug|Any CPU
		{83152569-2E6C-4D4D-8438-F5ABD81E8B58}.Debug|Any CPU.Build.0 = Debug|Any CPU
		{83152569-2E6C-4D4D-8438-F5ABD81E8B58}.Release|Any CPU.ActiveCfg = Release|Any CPU
		{83152569-2E6C-4D4D-8438-F5ABD81E8B58}.Release|Any CPU.Build.0 = Release|Any CPU
		{E8E4E10F-BFD7-4966-9335-3AEA62505D28}.Debug|Any CPU.ActiveCfg = Debug|Any CPU
		{E8E4E10F-BFD7-4966-9335-3AEA62505D28}.Debug|Any CPU.Build.0 = Debug|Any CPU
		{E8E4E10F-BFD7-4966-9335-3AEA62505D28}.Release|Any CPU.ActiveCfg = Release|Any CPU
		{E8E4E10F-BFD7-4966-9335-3AEA62505D28}.Release|Any CPU.Build.0 = Release|Any CPU
		{8FCDA3A1-B2E1-485F-91E8-EFDD787EDF3D}.Debug|Any CPU.ActiveCfg = Debug|Any CPU
		{8FCDA3A1-B2E1-485F-91E8-EFDD787EDF3D}.Debug|Any CPU.Build.0 = Debug|Any CPU
		{8FCDA3A1-B2E1-485F-91E8-EFDD787EDF3D}.Release|Any CPU.ActiveCfg = Release|Any CPU
		{8FCDA3A1-B2E1-485F-91E8-EFDD787EDF3D}.Release|Any CPU.Build.0 = Release|Any CPU
		{950C2612-C442-40EC-AE4B-A3255DB50C99}.Debug|Any CPU.ActiveCfg = Debug|Any CPU
		{950C2612-C442-40EC-AE4B-A3255DB50C99}.Debug|Any CPU.Build.0 = Debug|Any CPU
		{950C2612-C442-40EC-AE4B-A3255DB50C99}.Release|Any CPU.ActiveCfg = Release|Any CPU
		{950C2612-C442-40EC-AE4B-A3255DB50C99}.Release|Any CPU.Build.0 = Release|Any CPU
		{1C656AEA-754C-4B2D-B165-9DD5183BBFF4}.Debug|Any CPU.ActiveCfg = Debug|Any CPU
		{1C656AEA-754C-4B2D-B165-9DD5183BBFF4}.Debug|Any CPU.Build.0 = Debug|Any CPU
		{1C656AEA-754C-4B2D-B165-9DD5183BBFF4}.Release|Any CPU.ActiveCfg = Release|Any CPU
		{1C656AEA-754C-4B2D-B165-9DD5183BBFF4}.Release|Any CPU.Build.0 = Release|Any CPU
		{F4527B82-1AA6-4D7F-B559-73CBF4B3D9DF}.Debug|Any CPU.ActiveCfg = Debug|Any CPU
		{F4527B82-1AA6-4D7F-B559-73CBF4B3D9DF}.Debug|Any CPU.Build.0 = Debug|Any CPU
		{F4527B82-1AA6-4D7F-B559-73CBF4B3D9DF}.Release|Any CPU.ActiveCfg = Release|Any CPU
		{F4527B82-1AA6-4D7F-B559-73CBF4B3D9DF}.Release|Any CPU.Build.0 = Release|Any CPU
		{F0956AE6-7938-40D5-B653-513DD00165BB}.Debug|Any CPU.ActiveCfg = Debug|Any CPU
		{F0956AE6-7938-40D5-B653-513DD00165BB}.Debug|Any CPU.Build.0 = Debug|Any CPU
		{F0956AE6-7938-40D5-B653-513DD00165BB}.Release|Any CPU.ActiveCfg = Release|Any CPU
		{F0956AE6-7938-40D5-B653-513DD00165BB}.Release|Any CPU.Build.0 = Release|Any CPU
		{4E67468E-B34E-4B38-97AA-516043B6F201}.Debug|Any CPU.ActiveCfg = Debug|Any CPU
		{4E67468E-B34E-4B38-97AA-516043B6F201}.Debug|Any CPU.Build.0 = Debug|Any CPU
		{4E67468E-B34E-4B38-97AA-516043B6F201}.Release|Any CPU.ActiveCfg = Release|Any CPU
		{4E67468E-B34E-4B38-97AA-516043B6F201}.Release|Any CPU.Build.0 = Release|Any CPU
		{DF2069AE-023E-46B3-BE57-8448A910D895}.Debug|Any CPU.ActiveCfg = Debug|Any CPU
		{DF2069AE-023E-46B3-BE57-8448A910D895}.Debug|Any CPU.Build.0 = Debug|Any CPU
		{DF2069AE-023E-46B3-BE57-8448A910D895}.Release|Any CPU.ActiveCfg = Release|Any CPU
		{DF2069AE-023E-46B3-BE57-8448A910D895}.Release|Any CPU.Build.0 = Release|Any CPU
		{D6353311-1213-47AF-A675-CEDB95EB487C}.Debug|Any CPU.ActiveCfg = Debug|Any CPU
		{D6353311-1213-47AF-A675-CEDB95EB487C}.Debug|Any CPU.Build.0 = Debug|Any CPU
		{D6353311-1213-47AF-A675-CEDB95EB487C}.Release|Any CPU.ActiveCfg = Release|Any CPU
		{D6353311-1213-47AF-A675-CEDB95EB487C}.Release|Any CPU.Build.0 = Release|Any CPU
		{0C7DFA3C-A222-4B5F-96F4-2888BC7CDB1B}.Debug|Any CPU.ActiveCfg = Debug|Any CPU
		{0C7DFA3C-A222-4B5F-96F4-2888BC7CDB1B}.Debug|Any CPU.Build.0 = Debug|Any CPU
		{0C7DFA3C-A222-4B5F-96F4-2888BC7CDB1B}.Release|Any CPU.ActiveCfg = Release|Any CPU
		{0C7DFA3C-A222-4B5F-96F4-2888BC7CDB1B}.Release|Any CPU.Build.0 = Release|Any CPU
		{446A608B-DBC9-48EE-86C2-529F32E613CD}.Debug|Any CPU.ActiveCfg = Debug|Any CPU
		{446A608B-DBC9-48EE-86C2-529F32E613CD}.Debug|Any CPU.Build.0 = Debug|Any CPU
		{446A608B-DBC9-48EE-86C2-529F32E613CD}.Release|Any CPU.ActiveCfg = Release|Any CPU
		{446A608B-DBC9-48EE-86C2-529F32E613CD}.Release|Any CPU.Build.0 = Release|Any CPU
		{C8FA5DB5-FF73-4A4F-82B7-E3EFCB036D96}.Debug|Any CPU.ActiveCfg = Debug|Any CPU
		{C8FA5DB5-FF73-4A4F-82B7-E3EFCB036D96}.Debug|Any CPU.Build.0 = Debug|Any CPU
		{C8FA5DB5-FF73-4A4F-82B7-E3EFCB036D96}.Release|Any CPU.ActiveCfg = Release|Any CPU
		{C8FA5DB5-FF73-4A4F-82B7-E3EFCB036D96}.Release|Any CPU.Build.0 = Release|Any CPU
		{E6B897F4-D5D6-4EE1-9DD7-0EC489EF812A}.Debug|Any CPU.ActiveCfg = Debug|Any CPU
		{E6B897F4-D5D6-4EE1-9DD7-0EC489EF812A}.Debug|Any CPU.Build.0 = Debug|Any CPU
		{E6B897F4-D5D6-4EE1-9DD7-0EC489EF812A}.Release|Any CPU.ActiveCfg = Release|Any CPU
		{E6B897F4-D5D6-4EE1-9DD7-0EC489EF812A}.Release|Any CPU.Build.0 = Release|Any CPU
		{7EC9B996-905A-452B-B58D-5BF3FA2F3C0D}.Debug|Any CPU.ActiveCfg = Debug|Any CPU
		{7EC9B996-905A-452B-B58D-5BF3FA2F3C0D}.Debug|Any CPU.Build.0 = Debug|Any CPU
		{7EC9B996-905A-452B-B58D-5BF3FA2F3C0D}.Release|Any CPU.ActiveCfg = Release|Any CPU
		{7EC9B996-905A-452B-B58D-5BF3FA2F3C0D}.Release|Any CPU.Build.0 = Release|Any CPU
		{1E269B25-0A59-49B4-80A4-7601B069AAEE}.Debug|Any CPU.ActiveCfg = Debug|Any CPU
		{1E269B25-0A59-49B4-80A4-7601B069AAEE}.Debug|Any CPU.Build.0 = Debug|Any CPU
		{1E269B25-0A59-49B4-80A4-7601B069AAEE}.Release|Any CPU.ActiveCfg = Release|Any CPU
		{1E269B25-0A59-49B4-80A4-7601B069AAEE}.Release|Any CPU.Build.0 = Release|Any CPU
		{078BBFE5-6DC1-48B2-9A0E-EBDCC88E0001}.Debug|Any CPU.ActiveCfg = Debug|Any CPU
		{078BBFE5-6DC1-48B2-9A0E-EBDCC88E0001}.Debug|Any CPU.Build.0 = Debug|Any CPU
		{078BBFE5-6DC1-48B2-9A0E-EBDCC88E0001}.Release|Any CPU.ActiveCfg = Release|Any CPU
		{078BBFE5-6DC1-48B2-9A0E-EBDCC88E0001}.Release|Any CPU.Build.0 = Release|Any CPU
		{5A8CECB1-FC48-4AD3-8B70-ECAAC7BDE18F}.Debug|Any CPU.ActiveCfg = Debug|Any CPU
		{5A8CECB1-FC48-4AD3-8B70-ECAAC7BDE18F}.Debug|Any CPU.Build.0 = Debug|Any CPU
		{5A8CECB1-FC48-4AD3-8B70-ECAAC7BDE18F}.Release|Any CPU.ActiveCfg = Release|Any CPU
		{5A8CECB1-FC48-4AD3-8B70-ECAAC7BDE18F}.Release|Any CPU.Build.0 = Release|Any CPU
		{A2ADE287-50C3-4BAC-873A-AD089EF051C3}.Debug|Any CPU.ActiveCfg = Debug|Any CPU
		{A2ADE287-50C3-4BAC-873A-AD089EF051C3}.Debug|Any CPU.Build.0 = Debug|Any CPU
		{A2ADE287-50C3-4BAC-873A-AD089EF051C3}.Release|Any CPU.ActiveCfg = Release|Any CPU
		{A2ADE287-50C3-4BAC-873A-AD089EF051C3}.Release|Any CPU.Build.0 = Release|Any CPU
		{C8DF40D4-9BEE-4870-853C-44A7C9A941D7}.Debug|Any CPU.ActiveCfg = Debug|Any CPU
		{C8DF40D4-9BEE-4870-853C-44A7C9A941D7}.Debug|Any CPU.Build.0 = Debug|Any CPU
		{C8DF40D4-9BEE-4870-853C-44A7C9A941D7}.Release|Any CPU.ActiveCfg = Release|Any CPU
		{C8DF40D4-9BEE-4870-853C-44A7C9A941D7}.Release|Any CPU.Build.0 = Release|Any CPU
		{692B8FF6-8162-4DFC-8CCF-18167E4E037B}.Debug|Any CPU.ActiveCfg = Debug|Any CPU
		{692B8FF6-8162-4DFC-8CCF-18167E4E037B}.Debug|Any CPU.Build.0 = Debug|Any CPU
		{692B8FF6-8162-4DFC-8CCF-18167E4E037B}.Release|Any CPU.ActiveCfg = Release|Any CPU
		{692B8FF6-8162-4DFC-8CCF-18167E4E037B}.Release|Any CPU.Build.0 = Release|Any CPU
		{07644CF4-1C56-4949-80DA-631A3363F83E}.Debug|Any CPU.ActiveCfg = Debug|Any CPU
		{07644CF4-1C56-4949-80DA-631A3363F83E}.Debug|Any CPU.Build.0 = Debug|Any CPU
		{07644CF4-1C56-4949-80DA-631A3363F83E}.Release|Any CPU.ActiveCfg = Release|Any CPU
		{07644CF4-1C56-4949-80DA-631A3363F83E}.Release|Any CPU.Build.0 = Release|Any CPU
		{F47BAA0D-7F4F-4042-BED2-2DEF731F65AF}.Debug|Any CPU.ActiveCfg = Debug|Any CPU
		{F47BAA0D-7F4F-4042-BED2-2DEF731F65AF}.Debug|Any CPU.Build.0 = Debug|Any CPU
		{F47BAA0D-7F4F-4042-BED2-2DEF731F65AF}.Release|Any CPU.ActiveCfg = Release|Any CPU
		{F47BAA0D-7F4F-4042-BED2-2DEF731F65AF}.Release|Any CPU.Build.0 = Release|Any CPU
		{7D426DE2-D26A-4003-BB4F-A15B05FAD253}.Debug|Any CPU.ActiveCfg = Debug|Any CPU
		{7D426DE2-D26A-4003-BB4F-A15B05FAD253}.Debug|Any CPU.Build.0 = Debug|Any CPU
		{7D426DE2-D26A-4003-BB4F-A15B05FAD253}.Release|Any CPU.ActiveCfg = Release|Any CPU
		{7D426DE2-D26A-4003-BB4F-A15B05FAD253}.Release|Any CPU.Build.0 = Release|Any CPU
		{E97242F8-51AD-43B8-BD63-061891DC8F5C}.Debug|Any CPU.ActiveCfg = Debug|Any CPU
		{E97242F8-51AD-43B8-BD63-061891DC8F5C}.Debug|Any CPU.Build.0 = Debug|Any CPU
		{E97242F8-51AD-43B8-BD63-061891DC8F5C}.Release|Any CPU.ActiveCfg = Release|Any CPU
		{E97242F8-51AD-43B8-BD63-061891DC8F5C}.Release|Any CPU.Build.0 = Release|Any CPU
		{C456C899-4907-49C3-965D-49AA8FE90481}.Debug|Any CPU.ActiveCfg = Debug|Any CPU
		{C456C899-4907-49C3-965D-49AA8FE90481}.Debug|Any CPU.Build.0 = Debug|Any CPU
		{C456C899-4907-49C3-965D-49AA8FE90481}.Release|Any CPU.ActiveCfg = Release|Any CPU
		{C456C899-4907-49C3-965D-49AA8FE90481}.Release|Any CPU.Build.0 = Release|Any CPU
		{80913E20-C9CC-429B-81BB-B84D5771D2EA}.Debug|Any CPU.ActiveCfg = Debug|Any CPU
		{80913E20-C9CC-429B-81BB-B84D5771D2EA}.Debug|Any CPU.Build.0 = Debug|Any CPU
		{80913E20-C9CC-429B-81BB-B84D5771D2EA}.Release|Any CPU.ActiveCfg = Release|Any CPU
		{80913E20-C9CC-429B-81BB-B84D5771D2EA}.Release|Any CPU.Build.0 = Release|Any CPU
		{06ADEAA6-0CAE-4E4D-AB9F-59455F1EC3B1}.Debug|Any CPU.ActiveCfg = Debug|Any CPU
		{06ADEAA6-0CAE-4E4D-AB9F-59455F1EC3B1}.Debug|Any CPU.Build.0 = Debug|Any CPU
		{06ADEAA6-0CAE-4E4D-AB9F-59455F1EC3B1}.Release|Any CPU.ActiveCfg = Release|Any CPU
		{06ADEAA6-0CAE-4E4D-AB9F-59455F1EC3B1}.Release|Any CPU.Build.0 = Release|Any CPU
	EndGlobalSection
	GlobalSection(SolutionProperties) = preSolution
		HideSolutionNode = FALSE
	EndGlobalSection
	GlobalSection(ExtensibilityGlobals) = postSolution
		SolutionGuid = {F02322DD-3A64-4C50-A9D3-0B5C490E4D63}
	EndGlobalSection
EndGlobal
